
Microsoft Visual Studio Solution File, Format Version 12.00
# Visual Studio Version 16
VisualStudioVersion = 16.0.30320.27
MinimumVisualStudioVersion = 15.0.26124.0
Project("{2150E333-8FDC-42A3-9474-1A3956D46DE8}") = "Catalog", "Catalog", "{05E1E99F-D46A-4818-B4B3-005D24E5B46A}"
EndProject
Project("{2150E333-8FDC-42A3-9474-1A3956D46DE8}") = "Cart", "Cart", "{C036BD38-C3CC-4AD4-8A7D-50D151C5BE39}"
EndProject
Project("{2150E333-8FDC-42A3-9474-1A3956D46DE8}") = "src", "src", "{975661ED-DC28-4338-BD44-F8918AD93F9C}"
EndProject
Project("{2150E333-8FDC-42A3-9474-1A3956D46DE8}") = "tests", "tests", "{49EE2262-056D-453A-B6C9-4CD05563B1E0}"
EndProject
Project("{9A19103F-16F7-4668-BE54-9A1E7A4F7556}") = "Catalog.API", "Catalog\src\Catalog.API\Catalog.API.csproj", "{397FFB36-6CB9-4AF6-9DB0-44B047CF5F7E}"
EndProject
Project("{9A19103F-16F7-4668-BE54-9A1E7A4F7556}") = "Catalog.Domain", "Catalog\src\Catalog.Domain\Catalog.Domain.csproj", "{C6233ABC-BB90-4BA8-983C-ECE9F56BB3AD}"
EndProject
Project("{9A19103F-16F7-4668-BE54-9A1E7A4F7556}") = "Catalog.Infrastructure", "Catalog\src\Catalog.Infrastructure\Catalog.Infrastructure.csproj", "{99E538B0-7A2F-45C1-BFAA-AEFC69682723}"
EndProject
Project("{9A19103F-16F7-4668-BE54-9A1E7A4F7556}") = "Catalog.InfrastructureSp", "Catalog\src\Catalog.InfrastructureSp\Catalog.InfrastructureSp.csproj", "{ACE59C67-C04E-4D18-851A-BE34566C8A14}"
EndProject
Project("{9A19103F-16F7-4668-BE54-9A1E7A4F7556}") = "Catalog.API.Tests", "Catalog\tests\Catalog.API.Tests\Catalog.API.Tests.csproj", "{A6461249-057A-4897-9176-2198AA2B65D5}"
EndProject
Project("{9A19103F-16F7-4668-BE54-9A1E7A4F7556}") = "Catalog.Domain.Tests", "Catalog\tests\Catalog.Domain.Tests\Catalog.Domain.Tests.csproj", "{248CDDA1-6D26-4590-961B-606E13463591}"
EndProject
Project("{9A19103F-16F7-4668-BE54-9A1E7A4F7556}") = "Catalog.Fixtures", "Catalog\tests\Catalog.Fixtures\Catalog.Fixtures.csproj", "{3004BE0B-A511-41B8-BA39-C64B9608866B}"
EndProject
Project("{9A19103F-16F7-4668-BE54-9A1E7A4F7556}") = "Catalog.Infrastructure.Tests", "Catalog\tests\Catalog.Infrastructure.Tests\Catalog.Infrastructure.Tests.csproj", "{EAE15653-C76B-4E95-9A40-35101C3E0186}"
EndProject
Project("{2150E333-8FDC-42A3-9474-1A3956D46DE8}") = "src", "src", "{DEC02E6E-FA5B-4BAF-AF01-4E74A394B87C}"
EndProject
Project("{9A19103F-16F7-4668-BE54-9A1E7A4F7556}") = "Cart.Domain", "Cart\src\Cart.Domain\Cart.Domain.csproj", "{5D013FD6-8BC2-4AB2-9A56-AD299C383D16}"
EndProject
Project("{9A19103F-16F7-4668-BE54-9A1E7A4F7556}") = "Cart.Infrastructure", "Cart\src\Cart.Infrastructure\Cart.Infrastructure.csproj", "{B943B202-78D6-43B8-AEE9-544B72BCFC67}"
EndProject
Project("{9A19103F-16F7-4668-BE54-9A1E7A4F7556}") = "Cart.API", "Cart\src\Cart.API\Cart.API.csproj", "{ECC5FFBA-9EF0-4714-B377-6E6BEF15B194}"
EndProject
Project("{9A19103F-16F7-4668-BE54-9A1E7A4F7556}") = "Catalog.API.Client", "Catalog\src\Catalog.API.Client\Catalog.API.Client.csproj", "{D0DCDA9E-EF37-41CA-B615-9852C7A98B0E}"
EndProject
Project("{9A19103F-16F7-4668-BE54-9A1E7A4F7556}") = "Catalog.API.Contract", "Catalog\src\Catalog.API.Contract\Catalog.API.Contract.csproj", "{3A3DFFC6-0FEB-411C-8BF8-1E31B1D8EB3D}"
EndProject
Project("{2150E333-8FDC-42A3-9474-1A3956D46DE8}") = "tests", "tests", "{F610FD7A-FCFB-4A10-8CE7-5B4CE7C5D02E}"
EndProject
Project("{FAE04EC0-301F-11D3-BF4B-00C04F79EFBC}") = "Cart.Domain.Tests", "Cart\tests\Cart.Domain.Tests\Cart.Domain.Tests.csproj", "{1B3ECFCE-0680-48AB-B231-5A53BDC91725}"
EndProject
Project("{FAE04EC0-301F-11D3-BF4B-00C04F79EFBC}") = "Cart.Fixtures", "Cart\tests\Cart.Fixtures\Cart.Fixtures.csproj", "{F72B0460-956D-4504-99FC-C12109B78AFE}"
EndProject
Global
	GlobalSection(SolutionConfigurationPlatforms) = preSolution
		Debug|Any CPU = Debug|Any CPU
		Release|Any CPU = Release|Any CPU
	EndGlobalSection
	GlobalSection(ProjectConfigurationPlatforms) = postSolution
		{397FFB36-6CB9-4AF6-9DB0-44B047CF5F7E}.Debug|Any CPU.ActiveCfg = Debug|Any CPU
		{397FFB36-6CB9-4AF6-9DB0-44B047CF5F7E}.Debug|Any CPU.Build.0 = Debug|Any CPU
		{397FFB36-6CB9-4AF6-9DB0-44B047CF5F7E}.Release|Any CPU.ActiveCfg = Release|Any CPU
		{397FFB36-6CB9-4AF6-9DB0-44B047CF5F7E}.Release|Any CPU.Build.0 = Release|Any CPU
		{C6233ABC-BB90-4BA8-983C-ECE9F56BB3AD}.Debug|Any CPU.ActiveCfg = Debug|Any CPU
		{C6233ABC-BB90-4BA8-983C-ECE9F56BB3AD}.Debug|Any CPU.Build.0 = Debug|Any CPU
		{C6233ABC-BB90-4BA8-983C-ECE9F56BB3AD}.Release|Any CPU.ActiveCfg = Release|Any CPU
		{C6233ABC-BB90-4BA8-983C-ECE9F56BB3AD}.Release|Any CPU.Build.0 = Release|Any CPU
		{99E538B0-7A2F-45C1-BFAA-AEFC69682723}.Debug|Any CPU.ActiveCfg = Debug|Any CPU
		{99E538B0-7A2F-45C1-BFAA-AEFC69682723}.Debug|Any CPU.Build.0 = Debug|Any CPU
		{99E538B0-7A2F-45C1-BFAA-AEFC69682723}.Release|Any CPU.ActiveCfg = Release|Any CPU
		{99E538B0-7A2F-45C1-BFAA-AEFC69682723}.Release|Any CPU.Build.0 = Release|Any CPU
		{ACE59C67-C04E-4D18-851A-BE34566C8A14}.Debug|Any CPU.ActiveCfg = Debug|Any CPU
		{ACE59C67-C04E-4D18-851A-BE34566C8A14}.Debug|Any CPU.Build.0 = Debug|Any CPU
		{ACE59C67-C04E-4D18-851A-BE34566C8A14}.Release|Any CPU.ActiveCfg = Release|Any CPU
		{ACE59C67-C04E-4D18-851A-BE34566C8A14}.Release|Any CPU.Build.0 = Release|Any CPU
		{A6461249-057A-4897-9176-2198AA2B65D5}.Debug|Any CPU.ActiveCfg = Debug|Any CPU
		{A6461249-057A-4897-9176-2198AA2B65D5}.Debug|Any CPU.Build.0 = Debug|Any CPU
		{A6461249-057A-4897-9176-2198AA2B65D5}.Release|Any CPU.ActiveCfg = Release|Any CPU
		{A6461249-057A-4897-9176-2198AA2B65D5}.Release|Any CPU.Build.0 = Release|Any CPU
		{248CDDA1-6D26-4590-961B-606E13463591}.Debug|Any CPU.ActiveCfg = Debug|Any CPU
		{248CDDA1-6D26-4590-961B-606E13463591}.Debug|Any CPU.Build.0 = Debug|Any CPU
		{248CDDA1-6D26-4590-961B-606E13463591}.Release|Any CPU.ActiveCfg = Release|Any CPU
		{248CDDA1-6D26-4590-961B-606E13463591}.Release|Any CPU.Build.0 = Release|Any CPU
		{3004BE0B-A511-41B8-BA39-C64B9608866B}.Debug|Any CPU.ActiveCfg = Debug|Any CPU
		{3004BE0B-A511-41B8-BA39-C64B9608866B}.Debug|Any CPU.Build.0 = Debug|Any CPU
		{3004BE0B-A511-41B8-BA39-C64B9608866B}.Release|Any CPU.ActiveCfg = Release|Any CPU
		{3004BE0B-A511-41B8-BA39-C64B9608866B}.Release|Any CPU.Build.0 = Release|Any CPU
		{EAE15653-C76B-4E95-9A40-35101C3E0186}.Debug|Any CPU.ActiveCfg = Debug|Any CPU
		{EAE15653-C76B-4E95-9A40-35101C3E0186}.Debug|Any CPU.Build.0 = Debug|Any CPU
		{EAE15653-C76B-4E95-9A40-35101C3E0186}.Release|Any CPU.ActiveCfg = Release|Any CPU
		{EAE15653-C76B-4E95-9A40-35101C3E0186}.Release|Any CPU.Build.0 = Release|Any CPU
		{5D013FD6-8BC2-4AB2-9A56-AD299C383D16}.Debug|Any CPU.ActiveCfg = Debug|Any CPU
		{5D013FD6-8BC2-4AB2-9A56-AD299C383D16}.Debug|Any CPU.Build.0 = Debug|Any CPU
		{5D013FD6-8BC2-4AB2-9A56-AD299C383D16}.Release|Any CPU.ActiveCfg = Release|Any CPU
		{5D013FD6-8BC2-4AB2-9A56-AD299C383D16}.Release|Any CPU.Build.0 = Release|Any CPU
		{B943B202-78D6-43B8-AEE9-544B72BCFC67}.Debug|Any CPU.ActiveCfg = Debug|Any CPU
		{B943B202-78D6-43B8-AEE9-544B72BCFC67}.Debug|Any CPU.Build.0 = Debug|Any CPU
		{B943B202-78D6-43B8-AEE9-544B72BCFC67}.Release|Any CPU.ActiveCfg = Release|Any CPU
		{B943B202-78D6-43B8-AEE9-544B72BCFC67}.Release|Any CPU.Build.0 = Release|Any CPU
		{ECC5FFBA-9EF0-4714-B377-6E6BEF15B194}.Debug|Any CPU.ActiveCfg = Debug|Any CPU
		{ECC5FFBA-9EF0-4714-B377-6E6BEF15B194}.Debug|Any CPU.Build.0 = Debug|Any CPU
		{ECC5FFBA-9EF0-4714-B377-6E6BEF15B194}.Release|Any CPU.ActiveCfg = Release|Any CPU
		{ECC5FFBA-9EF0-4714-B377-6E6BEF15B194}.Release|Any CPU.Build.0 = Release|Any CPU
		{D0DCDA9E-EF37-41CA-B615-9852C7A98B0E}.Debug|Any CPU.ActiveCfg = Debug|Any CPU
		{D0DCDA9E-EF37-41CA-B615-9852C7A98B0E}.Debug|Any CPU.Build.0 = Debug|Any CPU
		{D0DCDA9E-EF37-41CA-B615-9852C7A98B0E}.Release|Any CPU.ActiveCfg = Release|Any CPU
		{D0DCDA9E-EF37-41CA-B615-9852C7A98B0E}.Release|Any CPU.Build.0 = Release|Any CPU
		{3A3DFFC6-0FEB-411C-8BF8-1E31B1D8EB3D}.Debug|Any CPU.ActiveCfg = Debug|Any CPU
		{3A3DFFC6-0FEB-411C-8BF8-1E31B1D8EB3D}.Debug|Any CPU.Build.0 = Debug|Any CPU
		{3A3DFFC6-0FEB-411C-8BF8-1E31B1D8EB3D}.Release|Any CPU.ActiveCfg = Release|Any CPU
		{3A3DFFC6-0FEB-411C-8BF8-1E31B1D8EB3D}.Release|Any CPU.Build.0 = Release|Any CPU
		{1B3ECFCE-0680-48AB-B231-5A53BDC91725}.Debug|Any CPU.ActiveCfg = Debug|Any CPU
		{1B3ECFCE-0680-48AB-B231-5A53BDC91725}.Debug|Any CPU.Build.0 = Debug|Any CPU
		{1B3ECFCE-0680-48AB-B231-5A53BDC91725}.Release|Any CPU.ActiveCfg = Release|Any CPU
		{1B3ECFCE-0680-48AB-B231-5A53BDC91725}.Release|Any CPU.Build.0 = Release|Any CPU
		{F72B0460-956D-4504-99FC-C12109B78AFE}.Debug|Any CPU.ActiveCfg = Debug|Any CPU
		{F72B0460-956D-4504-99FC-C12109B78AFE}.Debug|Any CPU.Build.0 = Debug|Any CPU
		{F72B0460-956D-4504-99FC-C12109B78AFE}.Release|Any CPU.ActiveCfg = Release|Any CPU
		{F72B0460-956D-4504-99FC-C12109B78AFE}.Release|Any CPU.Build.0 = Release|Any CPU
	EndGlobalSection
	GlobalSection(SolutionProperties) = preSolution
		HideSolutionNode = FALSE
	EndGlobalSection
	GlobalSection(NestedProjects) = preSolution
		{975661ED-DC28-4338-BD44-F8918AD93F9C} = {05E1E99F-D46A-4818-B4B3-005D24E5B46A}
		{49EE2262-056D-453A-B6C9-4CD05563B1E0} = {05E1E99F-D46A-4818-B4B3-005D24E5B46A}
		{397FFB36-6CB9-4AF6-9DB0-44B047CF5F7E} = {975661ED-DC28-4338-BD44-F8918AD93F9C}
		{C6233ABC-BB90-4BA8-983C-ECE9F56BB3AD} = {975661ED-DC28-4338-BD44-F8918AD93F9C}
		{99E538B0-7A2F-45C1-BFAA-AEFC69682723} = {975661ED-DC28-4338-BD44-F8918AD93F9C}
		{ACE59C67-C04E-4D18-851A-BE34566C8A14} = {975661ED-DC28-4338-BD44-F8918AD93F9C}
		{A6461249-057A-4897-9176-2198AA2B65D5} = {49EE2262-056D-453A-B6C9-4CD05563B1E0}
		{248CDDA1-6D26-4590-961B-606E13463591} = {49EE2262-056D-453A-B6C9-4CD05563B1E0}
		{3004BE0B-A511-41B8-BA39-C64B9608866B} = {49EE2262-056D-453A-B6C9-4CD05563B1E0}
		{EAE15653-C76B-4E95-9A40-35101C3E0186} = {49EE2262-056D-453A-B6C9-4CD05563B1E0}
		{DEC02E6E-FA5B-4BAF-AF01-4E74A394B87C} = {C036BD38-C3CC-4AD4-8A7D-50D151C5BE39}
		{5D013FD6-8BC2-4AB2-9A56-AD299C383D16} = {DEC02E6E-FA5B-4BAF-AF01-4E74A394B87C}
		{B943B202-78D6-43B8-AEE9-544B72BCFC67} = {DEC02E6E-FA5B-4BAF-AF01-4E74A394B87C}
		{ECC5FFBA-9EF0-4714-B377-6E6BEF15B194} = {DEC02E6E-FA5B-4BAF-AF01-4E74A394B87C}
		{D0DCDA9E-EF37-41CA-B615-9852C7A98B0E} = {975661ED-DC28-4338-BD44-F8918AD93F9C}
		{3A3DFFC6-0FEB-411C-8BF8-1E31B1D8EB3D} = {975661ED-DC28-4338-BD44-F8918AD93F9C}
		{F610FD7A-FCFB-4A10-8CE7-5B4CE7C5D02E} = {C036BD38-C3CC-4AD4-8A7D-50D151C5BE39}
		{1B3ECFCE-0680-48AB-B231-5A53BDC91725} = {F610FD7A-FCFB-4A10-8CE7-5B4CE7C5D02E}
		{F72B0460-956D-4504-99FC-C12109B78AFE} = {F610FD7A-FCFB-4A10-8CE7-5B4CE7C5D02E}
	EndGlobalSection
	GlobalSection(ExtensibilityGlobals) = postSolution
		SolutionGuid = {1D1D7928-A991-4929-84C3-FE7EB7CFD58F}
	EndGlobalSection
EndGlobal
